
Microsoft Visual Studio Solution File, Format Version 12.00
# Visual Studio 15
VisualStudioVersion = 15.0.27130.2027
MinimumVisualStudioVersion = 10.0.40219.1
Project("{FAE04EC0-301F-11D3-BF4B-00C04F79EFBC}") = "COMP060A2code", "COMP060A2code\COMP060A2code.csproj", "{EDD76310-0351-4599-8787-AD92A732342E}"
EndProject
Global
	GlobalSection(SolutionConfigurationPlatforms) = preSolution
		Debug|Any CPU = Debug|Any CPU
		Release|Any CPU = Release|Any CPU
	EndGlobalSection
	GlobalSection(ProjectConfigurationPlatforms) = postSolution
		{EDD76310-0351-4599-8787-AD92A732342E}.Debug|Any CPU.ActiveCfg = Debug|Any CPU
		{EDD76310-0351-4599-8787-AD92A732342E}.Debug|Any CPU.Build.0 = Debug|Any CPU
		{EDD76310-0351-4599-8787-AD92A732342E}.Release|Any CPU.ActiveCfg = Release|Any CPU
		{EDD76310-0351-4599-8787-AD92A732342E}.Release|Any CPU.Build.0 = Release|Any CPU
	EndGlobalSection
	GlobalSection(SolutionProperties) = preSolution
		HideSolutionNode = FALSE
	EndGlobalSection
	GlobalSection(ExtensibilityGlobals) = postSolution
		SolutionGuid = {A73320C0-EE6D-4AF9-9D44-ACC6B130BF0D}
	EndGlobalSection
EndGlobal
